// !$*UTF8*$!
{
	archiveVersion = 1;
	classes = {
	};
	objectVersion = 50;
	objects = {

/* Begin PBXBuildFile section */
		0478D857220E88B900884F23 /* AppDelegate.swift in Sources */ = {isa = PBXBuildFile; fileRef = 0478D856220E88B900884F23 /* AppDelegate.swift */; };
		0478D859220E88B900884F23 /* ViewController.swift in Sources */ = {isa = PBXBuildFile; fileRef = 0478D858220E88B900884F23 /* ViewController.swift */; };
		0478D85C220E88B900884F23 /* Main.storyboard in Resources */ = {isa = PBXBuildFile; fileRef = 0478D85A220E88B900884F23 /* Main.storyboard */; };
		0478D85E220E88BB00884F23 /* Assets.xcassets in Resources */ = {isa = PBXBuildFile; fileRef = 0478D85D220E88BB00884F23 /* Assets.xcassets */; };
		0478D861220E88BB00884F23 /* LaunchScreen.storyboard in Resources */ = {isa = PBXBuildFile; fileRef = 0478D85F220E88BB00884F23 /* LaunchScreen.storyboard */; };
		0478D86C220E88BB00884F23 /* QrCodeTests.swift in Sources */ = {isa = PBXBuildFile; fileRef = 0478D86B220E88BB00884F23 /* QrCodeTests.swift */; };
		0478D877220E88BB00884F23 /* QrCodeUITests.swift in Sources */ = {isa = PBXBuildFile; fileRef = 0478D876220E88BB00884F23 /* QrCodeUITests.swift */; };
		347C5CAAE07E7541B269AA29 /* Pods_QrCodeUITests.framework in Frameworks */ = {isa = PBXBuildFile; fileRef = 88496F209C34259430FF52A2 /* Pods_QrCodeUITests.framework */; };
		77C7EB965ACEBBC62D36462B /* Pods_QrCodeTests.framework in Frameworks */ = {isa = PBXBuildFile; fileRef = D2DFEAEBD90951B46D142E2E /* Pods_QrCodeTests.framework */; };
		E7CE8C57C006239260C42F49 /* Pods_QrCode.framework in Frameworks */ = {isa = PBXBuildFile; fileRef = D6F0A0CCD21E964E44ECF614 /* Pods_QrCode.framework */; };
/* End PBXBuildFile section */

/* Begin PBXContainerItemProxy section */
		0478D868220E88BB00884F23 /* PBXContainerItemProxy */ = {
			isa = PBXContainerItemProxy;
			containerPortal = 0478D84B220E88B800884F23 /* Project object */;
			proxyType = 1;
			remoteGlobalIDString = 0478D852220E88B900884F23;
			remoteInfo = QrCode;
		};
		0478D873220E88BB00884F23 /* PBXContainerItemProxy */ = {
			isa = PBXContainerItemProxy;
			containerPortal = 0478D84B220E88B800884F23 /* Project object */;
			proxyType = 1;
			remoteGlobalIDString = 0478D852220E88B900884F23;
			remoteInfo = QrCode;
		};
/* End PBXContainerItemProxy section */

/* Begin PBXFileReference section */
		0478D853220E88B900884F23 /* QrCode.app */ = {isa = PBXFileReference; explicitFileType = wrapper.application; includeInIndex = 0; path = QrCode.app; sourceTree = BUILT_PRODUCTS_DIR; };
		0478D856220E88B900884F23 /* AppDelegate.swift */ = {isa = PBXFileReference; lastKnownFileType = sourcecode.swift; path = AppDelegate.swift; sourceTree = "<group>"; };
		0478D858220E88B900884F23 /* ViewController.swift */ = {isa = PBXFileReference; lastKnownFileType = sourcecode.swift; path = ViewController.swift; sourceTree = "<group>"; };
		0478D85B220E88B900884F23 /* Base */ = {isa = PBXFileReference; lastKnownFileType = file.storyboard; name = Base; path = Base.lproj/Main.storyboard; sourceTree = "<group>"; };
		0478D85D220E88BB00884F23 /* Assets.xcassets */ = {isa = PBXFileReference; lastKnownFileType = folder.assetcatalog; path = Assets.xcassets; sourceTree = "<group>"; };
		0478D860220E88BB00884F23 /* Base */ = {isa = PBXFileReference; lastKnownFileType = file.storyboard; name = Base; path = Base.lproj/LaunchScreen.storyboard; sourceTree = "<group>"; };
		0478D862220E88BB00884F23 /* Info.plist */ = {isa = PBXFileReference; lastKnownFileType = text.plist.xml; path = Info.plist; sourceTree = "<group>"; };
		0478D867220E88BB00884F23 /* QrCodeTests.xctest */ = {isa = PBXFileReference; explicitFileType = wrapper.cfbundle; includeInIndex = 0; path = QrCodeTests.xctest; sourceTree = BUILT_PRODUCTS_DIR; };
		0478D86B220E88BB00884F23 /* QrCodeTests.swift */ = {isa = PBXFileReference; lastKnownFileType = sourcecode.swift; path = QrCodeTests.swift; sourceTree = "<group>"; };
		0478D86D220E88BB00884F23 /* Info.plist */ = {isa = PBXFileReference; lastKnownFileType = text.plist.xml; path = Info.plist; sourceTree = "<group>"; };
		0478D872220E88BB00884F23 /* QrCodeUITests.xctest */ = {isa = PBXFileReference; explicitFileType = wrapper.cfbundle; includeInIndex = 0; path = QrCodeUITests.xctest; sourceTree = BUILT_PRODUCTS_DIR; };
		0478D876220E88BB00884F23 /* QrCodeUITests.swift */ = {isa = PBXFileReference; lastKnownFileType = sourcecode.swift; path = QrCodeUITests.swift; sourceTree = "<group>"; };
		0478D878220E88BB00884F23 /* Info.plist */ = {isa = PBXFileReference; lastKnownFileType = text.plist.xml; path = Info.plist; sourceTree = "<group>"; };
		280EEFFBC6C61C9124804A20 /* Pods-QrCodeUITests.debug.xcconfig */ = {isa = PBXFileReference; includeInIndex = 1; lastKnownFileType = text.xcconfig; name = "Pods-QrCodeUITests.debug.xcconfig"; path = "Pods/Target Support Files/Pods-QrCodeUITests/Pods-QrCodeUITests.debug.xcconfig"; sourceTree = "<group>"; };
		419014D0E8FC7E90E61D67BC /* Pods-QrCode.release.xcconfig */ = {isa = PBXFileReference; includeInIndex = 1; lastKnownFileType = text.xcconfig; name = "Pods-QrCode.release.xcconfig"; path = "Pods/Target Support Files/Pods-QrCode/Pods-QrCode.release.xcconfig"; sourceTree = "<group>"; };
		88496F209C34259430FF52A2 /* Pods_QrCodeUITests.framework */ = {isa = PBXFileReference; explicitFileType = wrapper.framework; includeInIndex = 0; path = Pods_QrCodeUITests.framework; sourceTree = BUILT_PRODUCTS_DIR; };
		8E551A85C8A495C21C6EEE18 /* Pods-QrCodeTests.debug.xcconfig */ = {isa = PBXFileReference; includeInIndex = 1; lastKnownFileType = text.xcconfig; name = "Pods-QrCodeTests.debug.xcconfig"; path = "Pods/Target Support Files/Pods-QrCodeTests/Pods-QrCodeTests.debug.xcconfig"; sourceTree = "<group>"; };
		D2DFEAEBD90951B46D142E2E /* Pods_QrCodeTests.framework */ = {isa = PBXFileReference; explicitFileType = wrapper.framework; includeInIndex = 0; path = Pods_QrCodeTests.framework; sourceTree = BUILT_PRODUCTS_DIR; };
		D6F0A0CCD21E964E44ECF614 /* Pods_QrCode.framework */ = {isa = PBXFileReference; explicitFileType = wrapper.framework; includeInIndex = 0; path = Pods_QrCode.framework; sourceTree = BUILT_PRODUCTS_DIR; };
		DB3DC0D451F574984ABCFB61 /* Pods-QrCode.debug.xcconfig */ = {isa = PBXFileReference; includeInIndex = 1; lastKnownFileType = text.xcconfig; name = "Pods-QrCode.debug.xcconfig"; path = "Pods/Target Support Files/Pods-QrCode/Pods-QrCode.debug.xcconfig"; sourceTree = "<group>"; };
		DC9283C99ABE68B43B9A60C1 /* Pods-QrCodeUITests.release.xcconfig */ = {isa = PBXFileReference; includeInIndex = 1; lastKnownFileType = text.xcconfig; name = "Pods-QrCodeUITests.release.xcconfig"; path = "Pods/Target Support Files/Pods-QrCodeUITests/Pods-QrCodeUITests.release.xcconfig"; sourceTree = "<group>"; };
		DEC04C0B60D3B842F8A30BF8 /* Pods-QrCodeTests.release.xcconfig */ = {isa = PBXFileReference; includeInIndex = 1; lastKnownFileType = text.xcconfig; name = "Pods-QrCodeTests.release.xcconfig"; path = "Pods/Target Support Files/Pods-QrCodeTests/Pods-QrCodeTests.release.xcconfig"; sourceTree = "<group>"; };
/* End PBXFileReference section */

/* Begin PBXFrameworksBuildPhase section */
		0478D850220E88B900884F23 /* Frameworks */ = {
			isa = PBXFrameworksBuildPhase;
			buildActionMask = 2147483647;
			files = (
				E7CE8C57C006239260C42F49 /* Pods_QrCode.framework in Frameworks */,
			);
			runOnlyForDeploymentPostprocessing = 0;
		};
		0478D864220E88BB00884F23 /* Frameworks */ = {
			isa = PBXFrameworksBuildPhase;
			buildActionMask = 2147483647;
			files = (
				77C7EB965ACEBBC62D36462B /* Pods_QrCodeTests.framework in Frameworks */,
			);
			runOnlyForDeploymentPostprocessing = 0;
		};
		0478D86F220E88BB00884F23 /* Frameworks */ = {
			isa = PBXFrameworksBuildPhase;
			buildActionMask = 2147483647;
			files = (
				347C5CAAE07E7541B269AA29 /* Pods_QrCodeUITests.framework in Frameworks */,
			);
			runOnlyForDeploymentPostprocessing = 0;
		};
/* End PBXFrameworksBuildPhase section */

/* Begin PBXGroup section */
		0478D84A220E88B800884F23 = {
			isa = PBXGroup;
			children = (
				0478D855220E88B900884F23 /* QrCode */,
				0478D86A220E88BB00884F23 /* QrCodeTests */,
				0478D875220E88BB00884F23 /* QrCodeUITests */,
				0478D854220E88B900884F23 /* Products */,
				F7556C5A6558936CCE64C60A /* Pods */,
				0993A33F896AB3D387FA4FA9 /* Frameworks */,
			);
			sourceTree = "<group>";
		};
		0478D854220E88B900884F23 /* Products */ = {
			isa = PBXGroup;
			children = (
				0478D853220E88B900884F23 /* QrCode.app */,
				0478D867220E88BB00884F23 /* QrCodeTests.xctest */,
				0478D872220E88BB00884F23 /* QrCodeUITests.xctest */,
			);
			name = Products;
			sourceTree = "<group>";
		};
		0478D855220E88B900884F23 /* QrCode */ = {
			isa = PBXGroup;
			children = (
				0478D856220E88B900884F23 /* AppDelegate.swift */,
				0478D858220E88B900884F23 /* ViewController.swift */,
				0478D85A220E88B900884F23 /* Main.storyboard */,
				0478D85D220E88BB00884F23 /* Assets.xcassets */,
				0478D85F220E88BB00884F23 /* LaunchScreen.storyboard */,
				0478D862220E88BB00884F23 /* Info.plist */,
			);
			path = QrCode;
			sourceTree = "<group>";
		};
		0478D86A220E88BB00884F23 /* QrCodeTests */ = {
			isa = PBXGroup;
			children = (
				0478D86B220E88BB00884F23 /* QrCodeTests.swift */,
				0478D86D220E88BB00884F23 /* Info.plist */,
			);
			path = QrCodeTests;
			sourceTree = "<group>";
		};
		0478D875220E88BB00884F23 /* QrCodeUITests */ = {
			isa = PBXGroup;
			children = (
				0478D876220E88BB00884F23 /* QrCodeUITests.swift */,
				0478D878220E88BB00884F23 /* Info.plist */,
			);
			path = QrCodeUITests;
			sourceTree = "<group>";
		};
		0993A33F896AB3D387FA4FA9 /* Frameworks */ = {
			isa = PBXGroup;
			children = (
				D6F0A0CCD21E964E44ECF614 /* Pods_QrCode.framework */,
				D2DFEAEBD90951B46D142E2E /* Pods_QrCodeTests.framework */,
				88496F209C34259430FF52A2 /* Pods_QrCodeUITests.framework */,
			);
			name = Frameworks;
			sourceTree = "<group>";
		};
		F7556C5A6558936CCE64C60A /* Pods */ = {
			isa = PBXGroup;
			children = (
				DB3DC0D451F574984ABCFB61 /* Pods-QrCode.debug.xcconfig */,
				419014D0E8FC7E90E61D67BC /* Pods-QrCode.release.xcconfig */,
				8E551A85C8A495C21C6EEE18 /* Pods-QrCodeTests.debug.xcconfig */,
				DEC04C0B60D3B842F8A30BF8 /* Pods-QrCodeTests.release.xcconfig */,
				280EEFFBC6C61C9124804A20 /* Pods-QrCodeUITests.debug.xcconfig */,
				DC9283C99ABE68B43B9A60C1 /* Pods-QrCodeUITests.release.xcconfig */,
			);
			name = Pods;
			sourceTree = "<group>";
		};
/* End PBXGroup section */

/* Begin PBXNativeTarget section */
		0478D852220E88B900884F23 /* QrCode */ = {
			isa = PBXNativeTarget;
			buildConfigurationList = 0478D87B220E88BB00884F23 /* Build configuration list for PBXNativeTarget "QrCode" */;
			buildPhases = (
				158502B83EDBE2F514F91002 /* [CP] Check Pods Manifest.lock */,
				0478D84F220E88B900884F23 /* Sources */,
				0478D850220E88B900884F23 /* Frameworks */,
				0478D851220E88B900884F23 /* Resources */,
			);
			buildRules = (
			);
			dependencies = (
			);
			name = QrCode;
			productName = QrCode;
			productReference = 0478D853220E88B900884F23 /* QrCode.app */;
			productType = "com.apple.product-type.application";
		};
		0478D866220E88BB00884F23 /* QrCodeTests */ = {
			isa = PBXNativeTarget;
			buildConfigurationList = 0478D87E220E88BB00884F23 /* Build configuration list for PBXNativeTarget "QrCodeTests" */;
			buildPhases = (
				4A3F5A562D0BA6D3B8F7E05A /* [CP] Check Pods Manifest.lock */,
				0478D863220E88BB00884F23 /* Sources */,
				0478D864220E88BB00884F23 /* Frameworks */,
				0478D865220E88BB00884F23 /* Resources */,
			);
			buildRules = (
			);
			dependencies = (
				0478D869220E88BB00884F23 /* PBXTargetDependency */,
			);
			name = QrCodeTests;
			productName = QrCodeTests;
			productReference = 0478D867220E88BB00884F23 /* QrCodeTests.xctest */;
			productType = "com.apple.product-type.bundle.unit-test";
		};
		0478D871220E88BB00884F23 /* QrCodeUITests */ = {
			isa = PBXNativeTarget;
			buildConfigurationList = 0478D881220E88BB00884F23 /* Build configuration list for PBXNativeTarget "QrCodeUITests" */;
			buildPhases = (
				944986E97C60589EF86746D2 /* [CP] Check Pods Manifest.lock */,
				0478D86E220E88BB00884F23 /* Sources */,
				0478D86F220E88BB00884F23 /* Frameworks */,
				0478D870220E88BB00884F23 /* Resources */,
			);
			buildRules = (
			);
			dependencies = (
				0478D874220E88BB00884F23 /* PBXTargetDependency */,
			);
			name = QrCodeUITests;
			productName = QrCodeUITests;
			productReference = 0478D872220E88BB00884F23 /* QrCodeUITests.xctest */;
			productType = "com.apple.product-type.bundle.ui-testing";
		};
/* End PBXNativeTarget section */

/* Begin PBXProject section */
		0478D84B220E88B800884F23 /* Project object */ = {
			isa = PBXProject;
			attributes = {
				LastSwiftUpdateCheck = 0940;
				LastUpgradeCheck = 0940;
				ORGANIZATIONNAME = "Abraham Asmile";
				TargetAttributes = {
					0478D852220E88B900884F23 = {
						CreatedOnToolsVersion = 9.4.1;
					};
					0478D866220E88BB00884F23 = {
						CreatedOnToolsVersion = 9.4.1;
						TestTargetID = 0478D852220E88B900884F23;
					};
					0478D871220E88BB00884F23 = {
						CreatedOnToolsVersion = 9.4.1;
						TestTargetID = 0478D852220E88B900884F23;
					};
				};
			};
			buildConfigurationList = 0478D84E220E88B800884F23 /* Build configuration list for PBXProject "QrCode" */;
			compatibilityVersion = "Xcode 9.3";
			developmentRegion = en;
			hasScannedForEncodings = 0;
			knownRegions = (
				en,
				Base,
			);
			mainGroup = 0478D84A220E88B800884F23;
			productRefGroup = 0478D854220E88B900884F23 /* Products */;
			projectDirPath = "";
			projectRoot = "";
			targets = (
				0478D852220E88B900884F23 /* QrCode */,
				0478D866220E88BB00884F23 /* QrCodeTests */,
				0478D871220E88BB00884F23 /* QrCodeUITests */,
			);
		};
/* End PBXProject section */

/* Begin PBXResourcesBuildPhase section */
		0478D851220E88B900884F23 /* Resources */ = {
			isa = PBXResourcesBuildPhase;
			buildActionMask = 2147483647;
			files = (
				0478D861220E88BB00884F23 /* LaunchScreen.storyboard in Resources */,
				0478D85E220E88BB00884F23 /* Assets.xcassets in Resources */,
				0478D85C220E88B900884F23 /* Main.storyboard in Resources */,
			);
			runOnlyForDeploymentPostprocessing = 0;
		};
		0478D865220E88BB00884F23 /* Resources */ = {
			isa = PBXResourcesBuildPhase;
			buildActionMask = 2147483647;
			files = (
			);
			runOnlyForDeploymentPostprocessing = 0;
		};
		0478D870220E88BB00884F23 /* Resources */ = {
			isa = PBXResourcesBuildPhase;
			buildActionMask = 2147483647;
			files = (
			);
			runOnlyForDeploymentPostprocessing = 0;
		};
/* End PBXResourcesBuildPhase section */

/* Begin PBXShellScriptBuildPhase section */
		158502B83EDBE2F514F91002 /* [CP] Check Pods Manifest.lock */ = {
			isa = PBXShellScriptBuildPhase;
			buildActionMask = 2147483647;
			files = (
			);
			inputFileListPaths = (
			);
			inputPaths = (
				"${PODS_PODFILE_DIR_PATH}/Podfile.lock",
				"${PODS_ROOT}/Manifest.lock",
			);
			name = "[CP] Check Pods Manifest.lock";
			outputFileListPaths = (
			);
			outputPaths = (
				"$(DERIVED_FILE_DIR)/Pods-QrCode-checkManifestLockResult.txt",
			);
			runOnlyForDeploymentPostprocessing = 0;
			shellPath = /bin/sh;
			shellScript = "diff \"${PODS_PODFILE_DIR_PATH}/Podfile.lock\" \"${PODS_ROOT}/Manifest.lock\" > /dev/null\nif [ $? != 0 ] ; then\n    # print error to STDERR\n    echo \"error: The sandbox is not in sync with the Podfile.lock. Run 'pod install' or update your CocoaPods installation.\" >&2\n    exit 1\nfi\n# This output is used by Xcode 'outputs' to avoid re-running this script phase.\necho \"SUCCESS\" > \"${SCRIPT_OUTPUT_FILE_0}\"\n";
			showEnvVarsInLog = 0;
		};
		4A3F5A562D0BA6D3B8F7E05A /* [CP] Check Pods Manifest.lock */ = {
			isa = PBXShellScriptBuildPhase;
			buildActionMask = 2147483647;
			files = (
			);
			inputFileListPaths = (
			);
			inputPaths = (
				"${PODS_PODFILE_DIR_PATH}/Podfile.lock",
				"${PODS_ROOT}/Manifest.lock",
			);
			name = "[CP] Check Pods Manifest.lock";
			outputFileListPaths = (
			);
			outputPaths = (
				"$(DERIVED_FILE_DIR)/Pods-QrCodeTests-checkManifestLockResult.txt",
			);
			runOnlyForDeploymentPostprocessing = 0;
			shellPath = /bin/sh;
			shellScript = "diff \"${PODS_PODFILE_DIR_PATH}/Podfile.lock\" \"${PODS_ROOT}/Manifest.lock\" > /dev/null\nif [ $? != 0 ] ; then\n    # print error to STDERR\n    echo \"error: The sandbox is not in sync with the Podfile.lock. Run 'pod install' or update your CocoaPods installation.\" >&2\n    exit 1\nfi\n# This output is used by Xcode 'outputs' to avoid re-running this script phase.\necho \"SUCCESS\" > \"${SCRIPT_OUTPUT_FILE_0}\"\n";
			showEnvVarsInLog = 0;
		};
		944986E97C60589EF86746D2 /* [CP] Check Pods Manifest.lock */ = {
			isa = PBXShellScriptBuildPhase;
			buildActionMask = 2147483647;
			files = (
			);
			inputFileListPaths = (
			);
			inputPaths = (
				"${PODS_PODFILE_DIR_PATH}/Podfile.lock",
				"${PODS_ROOT}/Manifest.lock",
			);
			name = "[CP] Check Pods Manifest.lock";
			outputFileListPaths = (
			);
			outputPaths = (
				"$(DERIVED_FILE_DIR)/Pods-QrCodeUITests-checkManifestLockResult.txt",
			);
			runOnlyForDeploymentPostprocessing = 0;
			shellPath = /bin/sh;
			shellScript = "diff \"${PODS_PODFILE_DIR_PATH}/Podfile.lock\" \"${PODS_ROOT}/Manifest.lock\" > /dev/null\nif [ $? != 0 ] ; then\n    # print error to STDERR\n    echo \"error: The sandbox is not in sync with the Podfile.lock. Run 'pod install' or update your CocoaPods installation.\" >&2\n    exit 1\nfi\n# This output is used by Xcode 'outputs' to avoid re-running this script phase.\necho \"SUCCESS\" > \"${SCRIPT_OUTPUT_FILE_0}\"\n";
			showEnvVarsInLog = 0;
		};
/* End PBXShellScriptBuildPhase section */

/* Begin PBXSourcesBuildPhase section */
		0478D84F220E88B900884F23 /* Sources */ = {
			isa = PBXSourcesBuildPhase;
			buildActionMask = 2147483647;
			files = (
				0478D859220E88B900884F23 /* ViewController.swift in Sources */,
				0478D857220E88B900884F23 /* AppDelegate.swift in Sources */,
			);
			runOnlyForDeploymentPostprocessing = 0;
		};
		0478D863220E88BB00884F23 /* Sources */ = {
			isa = PBXSourcesBuildPhase;
			buildActionMask = 2147483647;
			files = (
				0478D86C220E88BB00884F23 /* QrCodeTests.swift in Sources */,
			);
			runOnlyForDeploymentPostprocessing = 0;
		};
		0478D86E220E88BB00884F23 /* Sources */ = {
			isa = PBXSourcesBuildPhase;
			buildActionMask = 2147483647;
			files = (
				0478D877220E88BB00884F23 /* QrCodeUITests.swift in Sources */,
			);
			runOnlyForDeploymentPostprocessing = 0;
		};
/* End PBXSourcesBuildPhase section */

/* Begin PBXTargetDependency section */
		0478D869220E88BB00884F23 /* PBXTargetDependency */ = {
			isa = PBXTargetDependency;
			target = 0478D852220E88B900884F23 /* QrCode */;
			targetProxy = 0478D868220E88BB00884F23 /* PBXContainerItemProxy */;
		};
		0478D874220E88BB00884F23 /* PBXTargetDependency */ = {
			isa = PBXTargetDependency;
			target = 0478D852220E88B900884F23 /* QrCode */;
			targetProxy = 0478D873220E88BB00884F23 /* PBXContainerItemProxy */;
		};
/* End PBXTargetDependency section */

/* Begin PBXVariantGroup section */
		0478D85A220E88B900884F23 /* Main.storyboard */ = {
			isa = PBXVariantGroup;
			children = (
				0478D85B220E88B900884F23 /* Base */,
			);
			name = Main.storyboard;
			sourceTree = "<group>";
		};
		0478D85F220E88BB00884F23 /* LaunchScreen.storyboard */ = {
			isa = PBXVariantGroup;
			children = (
				0478D860220E88BB00884F23 /* Base */,
			);
			name = LaunchScreen.storyboard;
			sourceTree = "<group>";
		};
/* End PBXVariantGroup section */

/* Begin XCBuildConfiguration section */
		0478D879220E88BB00884F23 /* Debug */ = {
			isa = XCBuildConfiguration;
			buildSettings = {
				ALWAYS_SEARCH_USER_PATHS = NO;
				CLANG_ANALYZER_NONNULL = YES;
				CLANG_ANALYZER_NUMBER_OBJECT_CONVERSION = YES_AGGRESSIVE;
				CLANG_CXX_LANGUAGE_STANDARD = "gnu++14";
				CLANG_CXX_LIBRARY = "libc++";
				CLANG_ENABLE_MODULES = YES;
				CLANG_ENABLE_OBJC_ARC = YES;
				CLANG_ENABLE_OBJC_WEAK = YES;
				CLANG_WARN_BLOCK_CAPTURE_AUTORELEASING = YES;
				CLANG_WARN_BOOL_CONVERSION = YES;
				CLANG_WARN_COMMA = YES;
				CLANG_WARN_CONSTANT_CONVERSION = YES;
				CLANG_WARN_DEPRECATED_OBJC_IMPLEMENTATIONS = YES;
				CLANG_WARN_DIRECT_OBJC_ISA_USAGE = YES_ERROR;
				CLANG_WARN_DOCUMENTATION_COMMENTS = YES;
				CLANG_WARN_EMPTY_BODY = YES;
				CLANG_WARN_ENUM_CONVERSION = YES;
				CLANG_WARN_INFINITE_RECURSION = YES;
				CLANG_WARN_INT_CONVERSION = YES;
				CLANG_WARN_NON_LITERAL_NULL_CONVERSION = YES;
				CLANG_WARN_OBJC_IMPLICIT_RETAIN_SELF = YES;
				CLANG_WARN_OBJC_LITERAL_CONVERSION = YES;
				CLANG_WARN_OBJC_ROOT_CLASS = YES_ERROR;
				CLANG_WARN_RANGE_LOOP_ANALYSIS = YES;
				CLANG_WARN_STRICT_PROTOTYPES = YES;
				CLANG_WARN_SUSPICIOUS_MOVE = YES;
				CLANG_WARN_UNGUARDED_AVAILABILITY = YES_AGGRESSIVE;
				CLANG_WARN_UNREACHABLE_CODE = YES;
				CLANG_WARN__DUPLICATE_METHOD_MATCH = YES;
				CODE_SIGN_IDENTITY = "iPhone Developer";
				COPY_PHASE_STRIP = NO;
				DEBUG_INFORMATION_FORMAT = dwarf;
				ENABLE_STRICT_OBJC_MSGSEND = YES;
				ENABLE_TESTABILITY = YES;
				GCC_C_LANGUAGE_STANDARD = gnu11;
				GCC_DYNAMIC_NO_PIC = NO;
				GCC_NO_COMMON_BLOCKS = YES;
				GCC_OPTIMIZATION_LEVEL = 0;
				GCC_PREPROCESSOR_DEFINITIONS = (
					"DEBUG=1",
					"$(inherited)",
				);
				GCC_WARN_64_TO_32_BIT_CONVERSION = YES;
				GCC_WARN_ABOUT_RETURN_TYPE = YES_ERROR;
				GCC_WARN_UNDECLARED_SELECTOR = YES;
				GCC_WARN_UNINITIALIZED_AUTOS = YES_AGGRESSIVE;
				GCC_WARN_UNUSED_FUNCTION = YES;
				GCC_WARN_UNUSED_VARIABLE = YES;
				IPHONEOS_DEPLOYMENT_TARGET = 11.4;
				MTL_ENABLE_DEBUG_INFO = YES;
				ONLY_ACTIVE_ARCH = YES;
				SDKROOT = iphoneos;
				SWIFT_ACTIVE_COMPILATION_CONDITIONS = DEBUG;
				SWIFT_OPTIMIZATION_LEVEL = "-Onone";
			};
			name = Debug;
		};
		0478D87A220E88BB00884F23 /* Release */ = {
			isa = XCBuildConfiguration;
			buildSettings = {
				ALWAYS_SEARCH_USER_PATHS = NO;
				CLANG_ANALYZER_NONNULL = YES;
				CLANG_ANALYZER_NUMBER_OBJECT_CONVERSION = YES_AGGRESSIVE;
				CLANG_CXX_LANGUAGE_STANDARD = "gnu++14";
				CLANG_CXX_LIBRARY = "libc++";
				CLANG_ENABLE_MODULES = YES;
				CLANG_ENABLE_OBJC_ARC = YES;
				CLANG_ENABLE_OBJC_WEAK = YES;
				CLANG_WARN_BLOCK_CAPTURE_AUTORELEASING = YES;
				CLANG_WARN_BOOL_CONVERSION = YES;
				CLANG_WARN_COMMA = YES;
				CLANG_WARN_CONSTANT_CONVERSION = YES;
				CLANG_WARN_DEPRECATED_OBJC_IMPLEMENTATIONS = YES;
				CLANG_WARN_DIRECT_OBJC_ISA_USAGE = YES_ERROR;
				CLANG_WARN_DOCUMENTATION_COMMENTS = YES;
				CLANG_WARN_EMPTY_BODY = YES;
				CLANG_WARN_ENUM_CONVERSION = YES;
				CLANG_WARN_INFINITE_RECURSION = YES;
				CLANG_WARN_INT_CONVERSION = YES;
				CLANG_WARN_NON_LITERAL_NULL_CONVERSION = YES;
				CLANG_WARN_OBJC_IMPLICIT_RETAIN_SELF = YES;
				CLANG_WARN_OBJC_LITERAL_CONVERSION = YES;
				CLANG_WARN_OBJC_ROOT_CLASS = YES_ERROR;
				CLANG_WARN_RANGE_LOOP_ANALYSIS = YES;
				CLANG_WARN_STRICT_PROTOTYPES = YES;
				CLANG_WARN_SUSPICIOUS_MOVE = YES;
				CLANG_WARN_UNGUARDED_AVAILABILITY = YES_AGGRESSIVE;
				CLANG_WARN_UNREACHABLE_CODE = YES;
				CLANG_WARN__DUPLICATE_METHOD_MATCH = YES;
				CODE_SIGN_IDENTITY = "iPhone Developer";
				COPY_PHASE_STRIP = NO;
				DEBUG_INFORMATION_FORMAT = "dwarf-with-dsym";
				ENABLE_NS_ASSERTIONS = NO;
				ENABLE_STRICT_OBJC_MSGSEND = YES;
				GCC_C_LANGUAGE_STANDARD = gnu11;
				GCC_NO_COMMON_BLOCKS = YES;
				GCC_WARN_64_TO_32_BIT_CONVERSION = YES;
				GCC_WARN_ABOUT_RETURN_TYPE = YES_ERROR;
				GCC_WARN_UNDECLARED_SELECTOR = YES;
				GCC_WARN_UNINITIALIZED_AUTOS = YES_AGGRESSIVE;
				GCC_WARN_UNUSED_FUNCTION = YES;
				GCC_WARN_UNUSED_VARIABLE = YES;
				IPHONEOS_DEPLOYMENT_TARGET = 11.4;
				MTL_ENABLE_DEBUG_INFO = NO;
				SDKROOT = iphoneos;
				SWIFT_COMPILATION_MODE = wholemodule;
				SWIFT_OPTIMIZATION_LEVEL = "-O";
				VALIDATE_PRODUCT = YES;
			};
			name = Release;
		};
		0478D87C220E88BB00884F23 /* Debug */ = {
			isa = XCBuildConfiguration;
			baseConfigurationReference = DB3DC0D451F574984ABCFB61 /* Pods-QrCode.debug.xcconfig */;
			buildSettings = {
				ASSETCATALOG_COMPILER_APPICON_NAME = AppIcon;
				CODE_SIGN_STYLE = Automatic;
				DEVELOPMENT_TEAM = J2YW2GDN23;
				INFOPLIST_FILE = QrCode/Info.plist;
				LD_RUNPATH_SEARCH_PATHS = (
					"$(inherited)",
					"@executable_path/Frameworks",
				);
				PRODUCT_BUNDLE_IDENTIFIER = com.codepath.QrCode;
				PRODUCT_NAME = "$(TARGET_NAME)";
				SWIFT_VERSION = 4.0;
				TARGETED_DEVICE_FAMILY = "1,2";
			};
			name = Debug;
		};
		0478D87D220E88BB00884F23 /* Release */ = {
			isa = XCBuildConfiguration;
			baseConfigurationReference = 419014D0E8FC7E90E61D67BC /* Pods-QrCode.release.xcconfig */;
			buildSettings = {
				ASSETCATALOG_COMPILER_APPICON_NAME = AppIcon;
				CODE_SIGN_STYLE = Automatic;
				DEVELOPMENT_TEAM = J2YW2GDN23;
				INFOPLIST_FILE = QrCode/Info.plist;
				LD_RUNPATH_SEARCH_PATHS = (
					"$(inherited)",
					"@executable_path/Frameworks",
				);
				PRODUCT_BUNDLE_IDENTIFIER = com.codepath.QrCode;
				PRODUCT_NAME = "$(TARGET_NAME)";
				SWIFT_VERSION = 4.0;
				TARGETED_DEVICE_FAMILY = "1,2";
			};
			name = Release;
		};
		0478D87F220E88BB00884F23 /* Debug */ = {
			isa = XCBuildConfiguration;
			baseConfigurationReference = 8E551A85C8A495C21C6EEE18 /* Pods-QrCodeTests.debug.xcconfig */;
			buildSettings = {
				ALWAYS_EMBED_SWIFT_STANDARD_LIBRARIES = YES;
				BUNDLE_LOADER = "$(TEST_HOST)";
				CODE_SIGN_STYLE = Automatic;
				DEVELOPMENT_TEAM = J2YW2GDN23;
				INFOPLIST_FILE = QrCodeTests/Info.plist;
				LD_RUNPATH_SEARCH_PATHS = (
					"$(inherited)",
					"@executable_path/Frameworks",
					"@loader_path/Frameworks",
				);
				PRODUCT_BUNDLE_IDENTIFIER = com.codepath.QrCodeTests;
				PRODUCT_NAME = "$(TARGET_NAME)";
				SWIFT_VERSION = 4.0;
				TARGETED_DEVICE_FAMILY = "1,2";
				TEST_HOST = "$(BUILT_PRODUCTS_DIR)/QrCode.app/QrCode";
			};
			name = Debug;
		};
		0478D880220E88BB00884F23 /* Release */ = {
			isa = XCBuildConfiguration;
			baseConfigurationReference = DEC04C0B60D3B842F8A30BF8 /* Pods-QrCodeTests.release.xcconfig */;
			buildSettings = {
				ALWAYS_EMBED_SWIFT_STANDARD_LIBRARIES = YES;
				BUNDLE_LOADER = "$(TEST_HOST)";
				CODE_SIGN_STYLE = Automatic;
				DEVELOPMENT_TEAM = J2YW2GDN23;
				INFOPLIST_FILE = QrCodeTests/Info.plist;
				LD_RUNPATH_SEARCH_PATHS = (
					"$(inherited)",
					"@executable_path/Frameworks",
					"@loader_path/Frameworks",
				);
				PRODUCT_BUNDLE_IDENTIFIER = com.codepath.QrCodeTests;
				PRODUCT_NAME = "$(TARGET_NAME)";
				SWIFT_VERSION = 4.0;
				TARGETED_DEVICE_FAMILY = "1,2";
				TEST_HOST = "$(BUILT_PRODUCTS_DIR)/QrCode.app/QrCode";
			};
			name = Release;
		};
		0478D882220E88BB00884F23 /* Debug */ = {
			isa = XCBuildConfiguration;
			baseConfigurationReference = 280EEFFBC6C61C9124804A20 /* Pods-QrCodeUITests.debug.xcconfig */;
			buildSettings = {
				ALWAYS_EMBED_SWIFT_STANDARD_LIBRARIES = YES;
				CODE_SIGN_STYLE = Automatic;
				DEVELOPMENT_TEAM = J2YW2GDN23;
				INFOPLIST_FILE = QrCodeUITests/Info.plist;
				LD_RUNPATH_SEARCH_PATHS = (
					"$(inherited)",
					"@executable_path/Frameworks",
					"@loader_path/Frameworks",
				);
				PRODUCT_BUNDLE_IDENTIFIER = com.codepath.QrCodeUITests;
				PRODUCT_NAME = "$(TARGET_NAME)";
				SWIFT_VERSION = 4.0;
				TARGETED_DEVICE_FAMILY = "1,2";
				TEST_TARGET_NAME = QrCode;
			};
			name = Debug;
		};
		0478D883220E88BB00884F23 /* Release */ = {
			isa = XCBuildConfiguration;
			baseConfigurationReference = DC9283C99ABE68B43B9A60C1 /* Pods-QrCodeUITests.release.xcconfig */;
			buildSettings = {
				ALWAYS_EMBED_SWIFT_STANDARD_LIBRARIES = YES;
				CODE_SIGN_STYLE = Automatic;
				DEVELOPMENT_TEAM = J2YW2GDN23;
				INFOPLIST_FILE = QrCodeUITests/Info.plist;
				LD_RUNPATH_SEARCH_PATHS = (
					"$(inherited)",
					"@executable_path/Frameworks",
					"@loader_path/Frameworks",
				);
				PRODUCT_BUNDLE_IDENTIFIER = com.codepath.QrCodeUITests;
				PRODUCT_NAME = "$(TARGET_NAME)";
				SWIFT_VERSION = 4.0;
				TARGETED_DEVICE_FAMILY = "1,2";
				TEST_TARGET_NAME = QrCode;
			};
			name = Release;
		};
/* End XCBuildConfiguration section */

/* Begin XCConfigurationList section */
		0478D84E220E88B800884F23 /* Build configuration list for PBXProject "QrCode" */ = {
			isa = XCConfigurationList;
			buildConfigurations = (
				0478D879220E88BB00884F23 /* Debug */,
				0478D87A220E88BB00884F23 /* Release */,
			);
			defaultConfigurationIsVisible = 0;
			defaultConfigurationName = Release;
		};
		0478D87B220E88BB00884F23 /* Build configuration list for PBXNativeTarget "QrCode" */ = {
			isa = XCConfigurationList;
			buildConfigurations = (
				0478D87C220E88BB00884F23 /* Debug */,
				0478D87D220E88BB00884F23 /* Release */,
			);
			defaultConfigurationIsVisible = 0;
			defaultConfigurationName = Release;
		};
		0478D87E220E88BB00884F23 /* Build configuration list for PBXNativeTarget "QrCodeTests" */ = {
			isa = XCConfigurationList;
			buildConfigurations = (
				0478D87F220E88BB00884F23 /* Debug */,
				0478D880220E88BB00884F23 /* Release */,
			);
			defaultConfigurationIsVisible = 0;
			defaultConfigurationName = Release;
		};
		0478D881220E88BB00884F23 /* Build configuration list for PBXNativeTarget "QrCodeUITests" */ = {
			isa = XCConfigurationList;
			buildConfigurations = (
				0478D882220E88BB00884F23 /* Debug */,
				0478D883220E88BB00884F23 /* Release */,
			);
			defaultConfigurationIsVisible = 0;
			defaultConfigurationName = Release;
		};
/* End XCConfigurationList section */
	};
	rootObject = 0478D84B220E88B800884F23 /* Project object */;
}
